
Microsoft Visual Studio Solution File, Format Version 12.00
# Visual Studio Version 17
VisualStudioVersion = 17.7.34202.233
MinimumVisualStudioVersion = 10.0.40219.1
Project("{FAE04EC0-301F-11D3-BF4B-00C04F79EFBC}") = "Solution", "Solution\Solution.csproj", "{0BF665CC-F005-4692-ACEA-5BA3DB1D6635}"
EndProject
Project("{FAE04EC0-301F-11D3-BF4B-00C04F79EFBC}") = "SolutionTest", "SolutionTest\SolutionTest.csproj", "{14D7D468-132F-47E7-9144-9B8AD970295B}"
EndProject
Global
	GlobalSection(SolutionConfigurationPlatforms) = preSolution
		Debug|Any CPU = Debug|Any CPU
		Release|Any CPU = Release|Any CPU
	EndGlobalSection
	GlobalSection(ProjectConfigurationPlatforms) = postSolution
		{0BF665CC-F005-4692-ACEA-5BA3DB1D6635}.Debug|Any CPU.ActiveCfg = Debug|Any CPU
		{0BF665CC-F005-4692-ACEA-5BA3DB1D6635}.Debug|Any CPU.Build.0 = Debug|Any CPU
		{0BF665CC-F005-4692-ACEA-5BA3DB1D6635}.Release|Any CPU.ActiveCfg = Release|Any CPU
		{0BF665CC-F005-4692-ACEA-5BA3DB1D6635}.Release|Any CPU.Build.0 = Release|Any CPU
		{14D7D468-132F-47E7-9144-9B8AD970295B}.Debug|Any CPU.ActiveCfg = Debug|Any CPU
		{14D7D468-132F-47E7-9144-9B8AD970295B}.Debug|Any CPU.Build.0 = Debug|Any CPU
		{14D7D468-132F-47E7-9144-9B8AD970295B}.Release|Any CPU.ActiveCfg = Release|Any CPU
		{14D7D468-132F-47E7-9144-9B8AD970295B}.Release|Any CPU.Build.0 = Release|Any CPU
	EndGlobalSection
	GlobalSection(SolutionProperties) = preSolution
		HideSolutionNode = FALSE
	EndGlobalSection
	GlobalSection(ExtensibilityGlobals) = postSolution
		SolutionGuid = {54184D8C-E43E-439A-A2D4-C89915AE461A}
	EndGlobalSection
EndGlobal
